
Microsoft Visual Studio Solution File, Format Version 12.00
# Visual Studio Version 16
VisualStudioVersion = 16.0.30804.86
MinimumVisualStudioVersion = 10.0.40219.1
Project("{FAE04EC0-301F-11D3-BF4B-00C04F79EFBC}") = "PlsqlDeveloperUtPlsqlPlugin", "PlsqlDeveloperUtPlsqlPlugin\PlsqlDeveloperUtPlsqlPlugin.csproj", "{0241FA41-E396-491A-B4EC-772B694EC689}"
EndProject
Global
	GlobalSection(SolutionConfigurationPlatforms) = preSolution
		Debug|Any CPU = Debug|Any CPU
		Debug|x64 = Debug|x64
		Release|Any CPU = Release|Any CPU
		Release|x64 = Release|x64
	EndGlobalSection
	GlobalSection(ProjectConfigurationPlatforms) = postSolution
		{0241FA41-E396-491A-B4EC-772B694EC689}.Debug|Any CPU.ActiveCfg = Debug|Any CPU
		{0241FA41-E396-491A-B4EC-772B694EC689}.Debug|Any CPU.Build.0 = Debug|Any CPU
		{0241FA41-E396-491A-B4EC-772B694EC689}.Debug|x64.ActiveCfg = Debug|x64
		{0241FA41-E396-491A-B4EC-772B694EC689}.Debug|x64.Build.0 = Debug|x64
		{0241FA41-E396-491A-B4EC-772B694EC689}.Release|Any CPU.ActiveCfg = Release|Any CPU
		{0241FA41-E396-491A-B4EC-772B694EC689}.Release|Any CPU.Build.0 = Release|Any CPU
		{0241FA41-E396-491A-B4EC-772B694EC689}.Release|x64.ActiveCfg = Release|x64
		{0241FA41-E396-491A-B4EC-772B694EC689}.Release|x64.Build.0 = Release|x64
	EndGlobalSection
	GlobalSection(SolutionProperties) = preSolution
		HideSolutionNode = FALSE
	EndGlobalSection
	GlobalSection(ExtensibilityGlobals) = postSolution
		SolutionGuid = {AAEE5B87-8FAA-45A7-A122-60FBF4DA5170}
	EndGlobalSection
EndGlobal
